// !$*UTF8*$!
{
	archiveVersion = 1;
	classes = {
	};
	objectVersion = 55;
	objects = {

/* Begin PBXBuildFile section */
		FE09135928139D8C00502779 /* Tests_iOS.swift in Sources */ = {isa = PBXBuildFile; fileRef = FE09135828139D8C00502779 /* Tests_iOS.swift */; };
		FE09135B28139D8C00502779 /* Tests_iOSLaunchTests.swift in Sources */ = {isa = PBXBuildFile; fileRef = FE09135A28139D8C00502779 /* Tests_iOSLaunchTests.swift */; };
		FE09136528139D8C00502779 /* Tests_macOS.swift in Sources */ = {isa = PBXBuildFile; fileRef = FE09136428139D8C00502779 /* Tests_macOS.swift */; };
		FE09136728139D8C00502779 /* Tests_macOSLaunchTests.swift in Sources */ = {isa = PBXBuildFile; fileRef = FE09136628139D8C00502779 /* Tests_macOSLaunchTests.swift */; };
		FE09136828139D8C00502779 /* funny_creature_therapy_sessionApp.swift in Sources */ = {isa = PBXBuildFile; fileRef = FE09134028139D8900502779 /* funny_creature_therapy_sessionApp.swift */; };
		FE09136928139D8C00502779 /* funny_creature_therapy_sessionApp.swift in Sources */ = {isa = PBXBuildFile; fileRef = FE09134028139D8900502779 /* funny_creature_therapy_sessionApp.swift */; };
		FE09136A28139D8C00502779 /* ContentView.swift in Sources */ = {isa = PBXBuildFile; fileRef = FE09134128139D8900502779 /* ContentView.swift */; };
		FE09136B28139D8C00502779 /* ContentView.swift in Sources */ = {isa = PBXBuildFile; fileRef = FE09134128139D8900502779 /* ContentView.swift */; };
		FE09136C28139D8C00502779 /* Assets.xcassets in Resources */ = {isa = PBXBuildFile; fileRef = FE09134228139D8C00502779 /* Assets.xcassets */; };
		FE09136D28139D8C00502779 /* Assets.xcassets in Resources */ = {isa = PBXBuildFile; fileRef = FE09134228139D8C00502779 /* Assets.xcassets */; };
/* End PBXBuildFile section */

/* Begin PBXContainerItemProxy section */
		FE09135528139D8C00502779 /* PBXContainerItemProxy */ = {
			isa = PBXContainerItemProxy;
			containerPortal = FE09133B28139D8900502779 /* Project object */;
			proxyType = 1;
			remoteGlobalIDString = FE09134628139D8C00502779;
			remoteInfo = "funny creature therapy session (iOS)";
		};
		FE09136128139D8C00502779 /* PBXContainerItemProxy */ = {
			isa = PBXContainerItemProxy;
			containerPortal = FE09133B28139D8900502779 /* Project object */;
			proxyType = 1;
			remoteGlobalIDString = FE09134C28139D8C00502779;
			remoteInfo = "funny creature therapy session (macOS)";
		};
/* End PBXContainerItemProxy section */

/* Begin PBXFileReference section */
		FE09134028139D8900502779 /* funny_creature_therapy_sessionApp.swift */ = {isa = PBXFileReference; lastKnownFileType = sourcecode.swift; path = funny_creature_therapy_sessionApp.swift; sourceTree = "<group>"; };
		FE09134128139D8900502779 /* ContentView.swift */ = {isa = PBXFileReference; lastKnownFileType = sourcecode.swift; path = ContentView.swift; sourceTree = "<group>"; };
		FE09134228139D8C00502779 /* Assets.xcassets */ = {isa = PBXFileReference; lastKnownFileType = folder.assetcatalog; path = Assets.xcassets; sourceTree = "<group>"; };
		FE09134728139D8C00502779 /* funny creature therapy session.app */ = {isa = PBXFileReference; explicitFileType = wrapper.application; includeInIndex = 0; path = "funny creature therapy session.app"; sourceTree = BUILT_PRODUCTS_DIR; };
		FE09134D28139D8C00502779 /* funny creature therapy session.app */ = {isa = PBXFileReference; explicitFileType = wrapper.application; includeInIndex = 0; path = "funny creature therapy session.app"; sourceTree = BUILT_PRODUCTS_DIR; };
		FE09134F28139D8C00502779 /* macOS.entitlements */ = {isa = PBXFileReference; lastKnownFileType = text.plist.entitlements; path = macOS.entitlements; sourceTree = "<group>"; };
		FE09135428139D8C00502779 /* Tests iOS.xctest */ = {isa = PBXFileReference; explicitFileType = wrapper.cfbundle; includeInIndex = 0; path = "Tests iOS.xctest"; sourceTree = BUILT_PRODUCTS_DIR; };
		FE09135828139D8C00502779 /* Tests_iOS.swift */ = {isa = PBXFileReference; lastKnownFileType = sourcecode.swift; path = Tests_iOS.swift; sourceTree = "<group>"; };
		FE09135A28139D8C00502779 /* Tests_iOSLaunchTests.swift */ = {isa = PBXFileReference; lastKnownFileType = sourcecode.swift; path = Tests_iOSLaunchTests.swift; sourceTree = "<group>"; };
		FE09136028139D8C00502779 /* Tests macOS.xctest */ = {isa = PBXFileReference; explicitFileType = wrapper.cfbundle; includeInIndex = 0; path = "Tests macOS.xctest"; sourceTree = BUILT_PRODUCTS_DIR; };
		FE09136428139D8C00502779 /* Tests_macOS.swift */ = {isa = PBXFileReference; lastKnownFileType = sourcecode.swift; path = Tests_macOS.swift; sourceTree = "<group>"; };
		FE09136628139D8C00502779 /* Tests_macOSLaunchTests.swift */ = {isa = PBXFileReference; lastKnownFileType = sourcecode.swift; path = Tests_macOSLaunchTests.swift; sourceTree = "<group>"; };
/* End PBXFileReference section */

/* Begin PBXFrameworksBuildPhase section */
		FE09134428139D8C00502779 /* Frameworks */ = {
			isa = PBXFrameworksBuildPhase;
			buildActionMask = 2147483647;
			files = (
			);
			runOnlyForDeploymentPostprocessing = 0;
		};
		FE09134A28139D8C00502779 /* Frameworks */ = {
			isa = PBXFrameworksBuildPhase;
			buildActionMask = 2147483647;
			files = (
			);
			runOnlyForDeploymentPostprocessing = 0;
		};
		FE09135128139D8C00502779 /* Frameworks */ = {
			isa = PBXFrameworksBuildPhase;
			buildActionMask = 2147483647;
			files = (
			);
			runOnlyForDeploymentPostprocessing = 0;
		};
		FE09135D28139D8C00502779 /* Frameworks */ = {
			isa = PBXFrameworksBuildPhase;
			buildActionMask = 2147483647;
			files = (
			);
			runOnlyForDeploymentPostprocessing = 0;
		};
/* End PBXFrameworksBuildPhase section */

/* Begin PBXGroup section */
		FE09133A28139D8900502779 = {
			isa = PBXGroup;
			children = (
				FE09133F28139D8900502779 /* Shared */,
				FE09134E28139D8C00502779 /* macOS */,
				FE09135728139D8C00502779 /* Tests iOS */,
				FE09136328139D8C00502779 /* Tests macOS */,
				FE09134828139D8C00502779 /* Products */,
			);
			sourceTree = "<group>";
		};
		FE09133F28139D8900502779 /* Shared */ = {
			isa = PBXGroup;
			children = (
				FE09134028139D8900502779 /* funny_creature_therapy_sessionApp.swift */,
				FE09134128139D8900502779 /* ContentView.swift */,
				FE09134228139D8C00502779 /* Assets.xcassets */,
			);
			path = Shared;
			sourceTree = "<group>";
		};
		FE09134828139D8C00502779 /* Products */ = {
			isa = PBXGroup;
			children = (
				FE09134728139D8C00502779 /* funny creature therapy session.app */,
				FE09134D28139D8C00502779 /* funny creature therapy session.app */,
				FE09135428139D8C00502779 /* Tests iOS.xctest */,
				FE09136028139D8C00502779 /* Tests macOS.xctest */,
			);
			name = Products;
			sourceTree = "<group>";
		};
		FE09134E28139D8C00502779 /* macOS */ = {
			isa = PBXGroup;
			children = (
				FE09134F28139D8C00502779 /* macOS.entitlements */,
			);
			path = macOS;
			sourceTree = "<group>";
		};
		FE09135728139D8C00502779 /* Tests iOS */ = {
			isa = PBXGroup;
			children = (
				FE09135828139D8C00502779 /* Tests_iOS.swift */,
				FE09135A28139D8C00502779 /* Tests_iOSLaunchTests.swift */,
			);
			path = "Tests iOS";
			sourceTree = "<group>";
		};
		FE09136328139D8C00502779 /* Tests macOS */ = {
			isa = PBXGroup;
			children = (
				FE09136428139D8C00502779 /* Tests_macOS.swift */,
				FE09136628139D8C00502779 /* Tests_macOSLaunchTests.swift */,
			);
			path = "Tests macOS";
			sourceTree = "<group>";
		};
/* End PBXGroup section */

/* Begin PBXNativeTarget section */
		FE09134628139D8C00502779 /* funny creature therapy session (iOS) */ = {
			isa = PBXNativeTarget;
			buildConfigurationList = FE09137028139D8C00502779 /* Build configuration list for PBXNativeTarget "funny creature therapy session (iOS)" */;
			buildPhases = (
				FE09134328139D8C00502779 /* Sources */,
				FE09134428139D8C00502779 /* Frameworks */,
				FE09134528139D8C00502779 /* Resources */,
			);
			buildRules = (
			);
			dependencies = (
			);
			name = "funny creature therapy session (iOS)";
			productName = "funny creature therapy session (iOS)";
			productReference = FE09134728139D8C00502779 /* funny creature therapy session.app */;
			productType = "com.apple.product-type.application";
		};
		FE09134C28139D8C00502779 /* funny creature therapy session (macOS) */ = {
			isa = PBXNativeTarget;
			buildConfigurationList = FE09137328139D8C00502779 /* Build configuration list for PBXNativeTarget "funny creature therapy session (macOS)" */;
			buildPhases = (
				FE09134928139D8C00502779 /* Sources */,
				FE09134A28139D8C00502779 /* Frameworks */,
				FE09134B28139D8C00502779 /* Resources */,
			);
			buildRules = (
			);
			dependencies = (
			);
			name = "funny creature therapy session (macOS)";
			productName = "funny creature therapy session (macOS)";
			productReference = FE09134D28139D8C00502779 /* funny creature therapy session.app */;
			productType = "com.apple.product-type.application";
		};
		FE09135328139D8C00502779 /* Tests iOS */ = {
			isa = PBXNativeTarget;
			buildConfigurationList = FE09137628139D8C00502779 /* Build configuration list for PBXNativeTarget "Tests iOS" */;
			buildPhases = (
				FE09135028139D8C00502779 /* Sources */,
				FE09135128139D8C00502779 /* Frameworks */,
				FE09135228139D8C00502779 /* Resources */,
			);
			buildRules = (
			);
			dependencies = (
				FE09135628139D8C00502779 /* PBXTargetDependency */,
			);
			name = "Tests iOS";
			productName = "Tests iOS";
			productReference = FE09135428139D8C00502779 /* Tests iOS.xctest */;
			productType = "com.apple.product-type.bundle.ui-testing";
		};
		FE09135F28139D8C00502779 /* Tests macOS */ = {
			isa = PBXNativeTarget;
			buildConfigurationList = FE09137928139D8C00502779 /* Build configuration list for PBXNativeTarget "Tests macOS" */;
			buildPhases = (
				FE09135C28139D8C00502779 /* Sources */,
				FE09135D28139D8C00502779 /* Frameworks */,
				FE09135E28139D8C00502779 /* Resources */,
			);
			buildRules = (
			);
			dependencies = (
				FE09136228139D8C00502779 /* PBXTargetDependency */,
			);
			name = "Tests macOS";
			productName = "Tests macOS";
			productReference = FE09136028139D8C00502779 /* Tests macOS.xctest */;
			productType = "com.apple.product-type.bundle.ui-testing";
		};
/* End PBXNativeTarget section */

/* Begin PBXProject section */
		FE09133B28139D8900502779 /* Project object */ = {
			isa = PBXProject;
			attributes = {
				BuildIndependentTargetsInParallel = 1;
				LastSwiftUpdateCheck = 1330;
				LastUpgradeCheck = 1330;
				TargetAttributes = {
					FE09134628139D8C00502779 = {
						CreatedOnToolsVersion = 13.3.1;
					};
					FE09134C28139D8C00502779 = {
						CreatedOnToolsVersion = 13.3.1;
					};
					FE09135328139D8C00502779 = {
						CreatedOnToolsVersion = 13.3.1;
						TestTargetID = FE09134628139D8C00502779;
					};
					FE09135F28139D8C00502779 = {
						CreatedOnToolsVersion = 13.3.1;
						TestTargetID = FE09134C28139D8C00502779;
					};
				};
			};
			buildConfigurationList = FE09133E28139D8900502779 /* Build configuration list for PBXProject "funny creature therapy session" */;
			compatibilityVersion = "Xcode 13.0";
			developmentRegion = en;
			hasScannedForEncodings = 0;
			knownRegions = (
				en,
				Base,
			);
			mainGroup = FE09133A28139D8900502779;
			productRefGroup = FE09134828139D8C00502779 /* Products */;
			projectDirPath = "";
			projectRoot = "";
			targets = (
				FE09134628139D8C00502779 /* funny creature therapy session (iOS) */,
				FE09134C28139D8C00502779 /* funny creature therapy session (macOS) */,
				FE09135328139D8C00502779 /* Tests iOS */,
				FE09135F28139D8C00502779 /* Tests macOS */,
			);
		};
/* End PBXProject section */

/* Begin PBXResourcesBuildPhase section */
		FE09134528139D8C00502779 /* Resources */ = {
			isa = PBXResourcesBuildPhase;
			buildActionMask = 2147483647;
			files = (
				FE09136C28139D8C00502779 /* Assets.xcassets in Resources */,
			);
			runOnlyForDeploymentPostprocessing = 0;
		};
		FE09134B28139D8C00502779 /* Resources */ = {
			isa = PBXResourcesBuildPhase;
			buildActionMask = 2147483647;
			files = (
				FE09136D28139D8C00502779 /* Assets.xcassets in Resources */,
			);
			runOnlyForDeploymentPostprocessing = 0;
		};
		FE09135228139D8C00502779 /* Resources */ = {
			isa = PBXResourcesBuildPhase;
			buildActionMask = 2147483647;
			files = (
			);
			runOnlyForDeploymentPostprocessing = 0;
		};
		FE09135E28139D8C00502779 /* Resources */ = {
			isa = PBXResourcesBuildPhase;
			buildActionMask = 2147483647;
			files = (
			);
			runOnlyForDeploymentPostprocessing = 0;
		};
/* End PBXResourcesBuildPhase section */

/* Begin PBXSourcesBuildPhase section */
		FE09134328139D8C00502779 /* Sources */ = {
			isa = PBXSourcesBuildPhase;
			buildActionMask = 2147483647;
			files = (
				FE09136A28139D8C00502779 /* ContentView.swift in Sources */,
				FE09136828139D8C00502779 /* funny_creature_therapy_sessionApp.swift in Sources */,
			);
			runOnlyForDeploymentPostprocessing = 0;
		};
		FE09134928139D8C00502779 /* Sources */ = {
			isa = PBXSourcesBuildPhase;
			buildActionMask = 2147483647;
			files = (
				FE09136B28139D8C00502779 /* ContentView.swift in Sources */,
				FE09136928139D8C00502779 /* funny_creature_therapy_sessionApp.swift in Sources */,
			);
			runOnlyForDeploymentPostprocessing = 0;
		};
		FE09135028139D8C00502779 /* Sources */ = {
			isa = PBXSourcesBuildPhase;
			buildActionMask = 2147483647;
			files = (
				FE09135B28139D8C00502779 /* Tests_iOSLaunchTests.swift in Sources */,
				FE09135928139D8C00502779 /* Tests_iOS.swift in Sources */,
			);
			runOnlyForDeploymentPostprocessing = 0;
		};
		FE09135C28139D8C00502779 /* Sources */ = {
			isa = PBXSourcesBuildPhase;
			buildActionMask = 2147483647;
			files = (
				FE09136728139D8C00502779 /* Tests_macOSLaunchTests.swift in Sources */,
				FE09136528139D8C00502779 /* Tests_macOS.swift in Sources */,
			);
			runOnlyForDeploymentPostprocessing = 0;
		};
/* End PBXSourcesBuildPhase section */

/* Begin PBXTargetDependency section */
		FE09135628139D8C00502779 /* PBXTargetDependency */ = {
			isa = PBXTargetDependency;
			target = FE09134628139D8C00502779 /* funny creature therapy session (iOS) */;
			targetProxy = FE09135528139D8C00502779 /* PBXContainerItemProxy */;
		};
		FE09136228139D8C00502779 /* PBXTargetDependency */ = {
			isa = PBXTargetDependency;
			target = FE09134C28139D8C00502779 /* funny creature therapy session (macOS) */;
			targetProxy = FE09136128139D8C00502779 /* PBXContainerItemProxy */;
		};
/* End PBXTargetDependency section */

/* Begin XCBuildConfiguration section */
		FE09136E28139D8C00502779 /* Debug */ = {
			isa = XCBuildConfiguration;
			buildSettings = {
				ALWAYS_SEARCH_USER_PATHS = NO;
				CLANG_ANALYZER_NONNULL = YES;
				CLANG_ANALYZER_NUMBER_OBJECT_CONVERSION = YES_AGGRESSIVE;
				CLANG_CXX_LANGUAGE_STANDARD = "gnu++17";
				CLANG_ENABLE_MODULES = YES;
				CLANG_ENABLE_OBJC_ARC = YES;
				CLANG_ENABLE_OBJC_WEAK = YES;
				CLANG_WARN_BLOCK_CAPTURE_AUTORELEASING = YES;
				CLANG_WARN_BOOL_CONVERSION = YES;
				CLANG_WARN_COMMA = YES;
				CLANG_WARN_CONSTANT_CONVERSION = YES;
				CLANG_WARN_DEPRECATED_OBJC_IMPLEMENTATIONS = YES;
				CLANG_WARN_DIRECT_OBJC_ISA_USAGE = YES_ERROR;
				CLANG_WARN_DOCUMENTATION_COMMENTS = YES;
				CLANG_WARN_EMPTY_BODY = YES;
				CLANG_WARN_ENUM_CONVERSION = YES;
				CLANG_WARN_INFINITE_RECURSION = YES;
				CLANG_WARN_INT_CONVERSION = YES;
				CLANG_WARN_NON_LITERAL_NULL_CONVERSION = YES;
				CLANG_WARN_OBJC_IMPLICIT_RETAIN_SELF = YES;
				CLANG_WARN_OBJC_LITERAL_CONVERSION = YES;
				CLANG_WARN_OBJC_ROOT_CLASS = YES_ERROR;
				CLANG_WARN_QUOTED_INCLUDE_IN_FRAMEWORK_HEADER = YES;
				CLANG_WARN_RANGE_LOOP_ANALYSIS = YES;
				CLANG_WARN_STRICT_PROTOTYPES = YES;
				CLANG_WARN_SUSPICIOUS_MOVE = YES;
				CLANG_WARN_UNGUARDED_AVAILABILITY = YES_AGGRESSIVE;
				CLANG_WARN_UNREACHABLE_CODE = YES;
				CLANG_WARN__DUPLICATE_METHOD_MATCH = YES;
				COPY_PHASE_STRIP = NO;
				DEBUG_INFORMATION_FORMAT = dwarf;
				ENABLE_STRICT_OBJC_MSGSEND = YES;
				ENABLE_TESTABILITY = YES;
				GCC_C_LANGUAGE_STANDARD = gnu11;
				GCC_DYNAMIC_NO_PIC = NO;
				GCC_NO_COMMON_BLOCKS = YES;
				GCC_OPTIMIZATION_LEVEL = 0;
				GCC_PREPROCESSOR_DEFINITIONS = (
					"DEBUG=1",
					"$(inherited)",
				);
				GCC_WARN_64_TO_32_BIT_CONVERSION = YES;
				GCC_WARN_ABOUT_RETURN_TYPE = YES_ERROR;
				GCC_WARN_UNDECLARED_SELECTOR = YES;
				GCC_WARN_UNINITIALIZED_AUTOS = YES_AGGRESSIVE;
				GCC_WARN_UNUSED_FUNCTION = YES;
				GCC_WARN_UNUSED_VARIABLE = YES;
				MTL_ENABLE_DEBUG_INFO = INCLUDE_SOURCE;
				MTL_FAST_MATH = YES;
				ONLY_ACTIVE_ARCH = YES;
				SWIFT_ACTIVE_COMPILATION_CONDITIONS = DEBUG;
				SWIFT_OPTIMIZATION_LEVEL = "-Onone";
			};
			name = Debug;
		};
		FE09136F28139D8C00502779 /* Release */ = {
			isa = XCBuildConfiguration;
			buildSettings = {
				ALWAYS_SEARCH_USER_PATHS = NO;
				CLANG_ANALYZER_NONNULL = YES;
				CLANG_ANALYZER_NUMBER_OBJECT_CONVERSION = YES_AGGRESSIVE;
				CLANG_CXX_LANGUAGE_STANDARD = "gnu++17";
				CLANG_ENABLE_MODULES = YES;
				CLANG_ENABLE_OBJC_ARC = YES;
				CLANG_ENABLE_OBJC_WEAK = YES;
				CLANG_WARN_BLOCK_CAPTURE_AUTORELEASING = YES;
				CLANG_WARN_BOOL_CONVERSION = YES;
				CLANG_WARN_COMMA = YES;
				CLANG_WARN_CONSTANT_CONVERSION = YES;
				CLANG_WARN_DEPRECATED_OBJC_IMPLEMENTATIONS = YES;
				CLANG_WARN_DIRECT_OBJC_ISA_USAGE = YES_ERROR;
				CLANG_WARN_DOCUMENTATION_COMMENTS = YES;
				CLANG_WARN_EMPTY_BODY = YES;
				CLANG_WARN_ENUM_CONVERSION = YES;
				CLANG_WARN_INFINITE_RECURSION = YES;
				CLANG_WARN_INT_CONVERSION = YES;
				CLANG_WARN_NON_LITERAL_NULL_CONVERSION = YES;
				CLANG_WARN_OBJC_IMPLICIT_RETAIN_SELF = YES;
				CLANG_WARN_OBJC_LITERAL_CONVERSION = YES;
				CLANG_WARN_OBJC_ROOT_CLASS = YES_ERROR;
				CLANG_WARN_QUOTED_INCLUDE_IN_FRAMEWORK_HEADER = YES;
				CLANG_WARN_RANGE_LOOP_ANALYSIS = YES;
				CLANG_WARN_STRICT_PROTOTYPES = YES;
				CLANG_WARN_SUSPICIOUS_MOVE = YES;
				CLANG_WARN_UNGUARDED_AVAILABILITY = YES_AGGRESSIVE;
				CLANG_WARN_UNREACHABLE_CODE = YES;
				CLANG_WARN__DUPLICATE_METHOD_MATCH = YES;
				COPY_PHASE_STRIP = NO;
				DEBUG_INFORMATION_FORMAT = "dwarf-with-dsym";
				ENABLE_NS_ASSERTIONS = NO;
				ENABLE_STRICT_OBJC_MSGSEND = YES;
				GCC_C_LANGUAGE_STANDARD = gnu11;
				GCC_NO_COMMON_BLOCKS = YES;
				GCC_WARN_64_TO_32_BIT_CONVERSION = YES;
				GCC_WARN_ABOUT_RETURN_TYPE = YES_ERROR;
				GCC_WARN_UNDECLARED_SELECTOR = YES;
				GCC_WARN_UNINITIALIZED_AUTOS = YES_AGGRESSIVE;
				GCC_WARN_UNUSED_FUNCTION = YES;
				GCC_WARN_UNUSED_VARIABLE = YES;
				MTL_ENABLE_DEBUG_INFO = NO;
				MTL_FAST_MATH = YES;
				SWIFT_COMPILATION_MODE = wholemodule;
				SWIFT_OPTIMIZATION_LEVEL = "-O";
			};
			name = Release;
		};
		FE09137128139D8C00502779 /* Debug */ = {
			isa = XCBuildConfiguration;
			buildSettings = {
				ASSETCATALOG_COMPILER_APPICON_NAME = AppIcon;
				ASSETCATALOG_COMPILER_GLOBAL_ACCENT_COLOR_NAME = AccentColor;
				CODE_SIGN_STYLE = Automatic;
				CURRENT_PROJECT_VERSION = 1;
				ENABLE_PREVIEWS = YES;
				GENERATE_INFOPLIST_FILE = YES;
				INFOPLIST_KEY_UIApplicationSceneManifest_Generation = YES;
				INFOPLIST_KEY_UIApplicationSupportsIndirectInputEvents = YES;
				INFOPLIST_KEY_UILaunchScreen_Generation = YES;
				INFOPLIST_KEY_UISupportedInterfaceOrientations_iPad = "UIInterfaceOrientationPortrait UIInterfaceOrientationPortraitUpsideDown UIInterfaceOrientationLandscapeLeft UIInterfaceOrientationLandscapeRight";
				INFOPLIST_KEY_UISupportedInterfaceOrientations_iPhone = "UIInterfaceOrientationPortrait UIInterfaceOrientationLandscapeLeft UIInterfaceOrientationLandscapeRight";
				IPHONEOS_DEPLOYMENT_TARGET = 15.4;
				LD_RUNPATH_SEARCH_PATHS = (
					"$(inherited)",
					"@executable_path/Frameworks",
				);
				MARKETING_VERSION = 1.0;
				PRODUCT_BUNDLE_IDENTIFIER = "bognet.funny-creature-therapy-session";
				PRODUCT_NAME = "funny creature therapy session";
				SDKROOT = iphoneos;
				SWIFT_EMIT_LOC_STRINGS = YES;
				SWIFT_VERSION = 5.0;
				TARGETED_DEVICE_FAMILY = "1,2";
			};
			name = Debug;
		};
		FE09137228139D8C00502779 /* Release */ = {
			isa = XCBuildConfiguration;
			buildSettings = {
				ASSETCATALOG_COMPILER_APPICON_NAME = AppIcon;
				ASSETCATALOG_COMPILER_GLOBAL_ACCENT_COLOR_NAME = AccentColor;
				CODE_SIGN_STYLE = Automatic;
				CURRENT_PROJECT_VERSION = 1;
				ENABLE_PREVIEWS = YES;
				GENERATE_INFOPLIST_FILE = YES;
				INFOPLIST_KEY_UIApplicationSceneManifest_Generation = YES;
				INFOPLIST_KEY_UIApplicationSupportsIndirectInputEvents = YES;
				INFOPLIST_KEY_UILaunchScreen_Generation = YES;
				INFOPLIST_KEY_UISupportedInterfaceOrientations_iPad = "UIInterfaceOrientationPortrait UIInterfaceOrientationPortraitUpsideDown UIInterfaceOrientationLandscapeLeft UIInterfaceOrientationLandscapeRight";
				INFOPLIST_KEY_UISupportedInterfaceOrientations_iPhone = "UIInterfaceOrientationPortrait UIInterfaceOrientationLandscapeLeft UIInterfaceOrientationLandscapeRight";
				IPHONEOS_DEPLOYMENT_TARGET = 15.4;
				LD_RUNPATH_SEARCH_PATHS = (
					"$(inherited)",
					"@executable_path/Frameworks",
				);
				MARKETING_VERSION = 1.0;
				PRODUCT_BUNDLE_IDENTIFIER = "bognet.funny-creature-therapy-session";
				PRODUCT_NAME = "funny creature therapy session";
				SDKROOT = iphoneos;
				SWIFT_EMIT_LOC_STRINGS = YES;
				SWIFT_VERSION = 5.0;
				TARGETED_DEVICE_FAMILY = "1,2";
				VALIDATE_PRODUCT = YES;
			};
			name = Release;
		};
		FE09137428139D8C00502779 /* Debug */ = {
			isa = XCBuildConfiguration;
			buildSettings = {
				ASSETCATALOG_COMPILER_APPICON_NAME = AppIcon;
				ASSETCATALOG_COMPILER_GLOBAL_ACCENT_COLOR_NAME = AccentColor;
				CODE_SIGN_ENTITLEMENTS = macOS/macOS.entitlements;
				CODE_SIGN_STYLE = Automatic;
				COMBINE_HIDPI_IMAGES = YES;
				CURRENT_PROJECT_VERSION = 1;
				ENABLE_PREVIEWS = YES;
				GENERATE_INFOPLIST_FILE = YES;
				INFOPLIST_KEY_NSHumanReadableCopyright = "";
				LD_RUNPATH_SEARCH_PATHS = (
					"$(inherited)",
					"@executable_path/../Frameworks",
				);
				MACOSX_DEPLOYMENT_TARGET = 12.3;
				MARKETING_VERSION = 1.0;
				PRODUCT_BUNDLE_IDENTIFIER = "bognet.funny-creature-therapy-session";
				PRODUCT_NAME = "funny creature therapy session";
				SDKROOT = macosx;
				SWIFT_EMIT_LOC_STRINGS = YES;
				SWIFT_VERSION = 5.0;
			};
			name = Debug;
		};
		FE09137528139D8C00502779 /* Release */ = {
			isa = XCBuildConfiguration;
			buildSettings = {
				ASSETCATALOG_COMPILER_APPICON_NAME = AppIcon;
				ASSETCATALOG_COMPILER_GLOBAL_ACCENT_COLOR_NAME = AccentColor;
				CODE_SIGN_ENTITLEMENTS = macOS/macOS.entitlements;
				CODE_SIGN_STYLE = Automatic;
				COMBINE_HIDPI_IMAGES = YES;
				CURRENT_PROJECT_VERSION = 1;
				ENABLE_PREVIEWS = YES;
				GENERATE_INFOPLIST_FILE = YES;
				INFOPLIST_KEY_NSHumanReadableCopyright = "";
				LD_RUNPATH_SEARCH_PATHS = (
					"$(inherited)",
					"@executable_path/../Frameworks",
				);
				MACOSX_DEPLOYMENT_TARGET = 12.3;
				MARKETING_VERSION = 1.0;
				PRODUCT_BUNDLE_IDENTIFIER = "bognet.funny-creature-therapy-session";
				PRODUCT_NAME = "funny creature therapy session";
				SDKROOT = macosx;
				SWIFT_EMIT_LOC_STRINGS = YES;
				SWIFT_VERSION = 5.0;
			};
			name = Release;
		};
		FE09137728139D8C00502779 /* Debug */ = {
			isa = XCBuildConfiguration;
			buildSettings = {
				ALWAYS_EMBED_SWIFT_STANDARD_LIBRARIES = YES;
				CODE_SIGN_STYLE = Automatic;
				CURRENT_PROJECT_VERSION = 1;
				GENERATE_INFOPLIST_FILE = YES;
				IPHONEOS_DEPLOYMENT_TARGET = 15.4;
				MARKETING_VERSION = 1.0;
				PRODUCT_BUNDLE_IDENTIFIER = "bognet.Tests-iOS";
				PRODUCT_NAME = "$(TARGET_NAME)";
				SDKROOT = iphoneos;
				SWIFT_EMIT_LOC_STRINGS = NO;
				SWIFT_VERSION = 5.0;
				TARGETED_DEVICE_FAMILY = "1,2";
				TEST_TARGET_NAME = "funny creature therapy session (iOS)";
			};
			name = Debug;
		};
		FE09137828139D8C00502779 /* Release */ = {
			isa = XCBuildConfiguration;
			buildSettings = {
				ALWAYS_EMBED_SWIFT_STANDARD_LIBRARIES = YES;
				CODE_SIGN_STYLE = Automatic;
				CURRENT_PROJECT_VERSION = 1;
				GENERATE_INFOPLIST_FILE = YES;
				IPHONEOS_DEPLOYMENT_TARGET = 15.4;
				MARKETING_VERSION = 1.0;
				PRODUCT_BUNDLE_IDENTIFIER = "bognet.Tests-iOS";
				PRODUCT_NAME = "$(TARGET_NAME)";
				SDKROOT = iphoneos;
				SWIFT_EMIT_LOC_STRINGS = NO;
				SWIFT_VERSION = 5.0;
				TARGETED_DEVICE_FAMILY = "1,2";
				TEST_TARGET_NAME = "funny creature therapy session (iOS)";
				VALIDATE_PRODUCT = YES;
			};
			name = Release;
		};
		FE09137A28139D8C00502779 /* Debug */ = {
			isa = XCBuildConfiguration;
			buildSettings = {
				ALWAYS_EMBED_SWIFT_STANDARD_LIBRARIES = YES;
				CODE_SIGN_STYLE = Automatic;
				CURRENT_PROJECT_VERSION = 1;
				GENERATE_INFOPLIST_FILE = YES;
				MACOSX_DEPLOYMENT_TARGET = 12.3;
				MARKETING_VERSION = 1.0;
				PRODUCT_BUNDLE_IDENTIFIER = "bognet.Tests-macOS";
				PRODUCT_NAME = "$(TARGET_NAME)";
				SDKROOT = macosx;
				SWIFT_EMIT_LOC_STRINGS = NO;
				SWIFT_VERSION = 5.0;
				TEST_TARGET_NAME = "funny creature therapy session (macOS)";
			};
			name = Debug;
		};
		FE09137B28139D8C00502779 /* Release */ = {
			isa = XCBuildConfiguration;
			buildSettings = {
				ALWAYS_EMBED_SWIFT_STANDARD_LIBRARIES = YES;
				CODE_SIGN_STYLE = Automatic;
				CURRENT_PROJECT_VERSION = 1;
				GENERATE_INFOPLIST_FILE = YES;
				MACOSX_DEPLOYMENT_TARGET = 12.3;
				MARKETING_VERSION = 1.0;
				PRODUCT_BUNDLE_IDENTIFIER = "bognet.Tests-macOS";
				PRODUCT_NAME = "$(TARGET_NAME)";
				SDKROOT = macosx;
				SWIFT_EMIT_LOC_STRINGS = NO;
				SWIFT_VERSION = 5.0;
				TEST_TARGET_NAME = "funny creature therapy session (macOS)";
			};
			name = Release;
		};
/* End XCBuildConfiguration section */

/* Begin XCConfigurationList section */
		FE09133E28139D8900502779 /* Build configuration list for PBXProject "funny creature therapy session" */ = {
			isa = XCConfigurationList;
			buildConfigurations = (
				FE09136E28139D8C00502779 /* Debug */,
				FE09136F28139D8C00502779 /* Release */,
			);
			defaultConfigurationIsVisible = 0;
			defaultConfigurationName = Release;
		};
		FE09137028139D8C00502779 /* Build configuration list for PBXNativeTarget "funny creature therapy session (iOS)" */ = {
			isa = XCConfigurationList;
			buildConfigurations = (
				FE09137128139D8C00502779 /* Debug */,
				FE09137228139D8C00502779 /* Release */,
			);
			defaultConfigurationIsVisible = 0;
			defaultConfigurationName = Release;
		};
		FE09137328139D8C00502779 /* Build configuration list for PBXNativeTarget "funny creature therapy session (macOS)" */ = {
			isa = XCConfigurationList;
			buildConfigurations = (
				FE09137428139D8C00502779 /* Debug */,
				FE09137528139D8C00502779 /* Release */,
			);
			defaultConfigurationIsVisible = 0;
			defaultConfigurationName = Release;
		};
		FE09137628139D8C00502779 /* Build configuration list for PBXNativeTarget "Tests iOS" */ = {
			isa = XCConfigurationList;
			buildConfigurations = (
				FE09137728139D8C00502779 /* Debug */,
				FE09137828139D8C00502779 /* Release */,
			);
			defaultConfigurationIsVisible = 0;
			defaultConfigurationName = Release;
		};
		FE09137928139D8C00502779 /* Build configuration list for PBXNativeTarget "Tests macOS" */ = {
			isa = XCConfigurationList;
			buildConfigurations = (
				FE09137A28139D8C00502779 /* Debug */,
				FE09137B28139D8C00502779 /* Release */,
			);
			defaultConfigurationIsVisible = 0;
			defaultConfigurationName = Release;
		};
/* End XCConfigurationList section */
	};
	rootObject = FE09133B28139D8900502779 /* Project object */;
}
